
Microsoft Visual Studio Solution File, Format Version 12.00
# Visual Studio Version 17
VisualStudioVersion = 17.1.32319.34
MinimumVisualStudioVersion = 10.0.40219.1
Project("{FAE04EC0-301F-11D3-BF4B-00C04F79EFBC}") = "EmployeeManagment", "EmployeeManagment\EmployeeManagment.csproj", "{1692EA60-82A8-4950-8C09-A202D98DD50D}"
EndProject
Global
	GlobalSection(SolutionConfigurationPlatforms) = preSolution
		Debug|Any CPU = Debug|Any CPU
		Release|Any CPU = Release|Any CPU
	EndGlobalSection
	GlobalSection(ProjectConfigurationPlatforms) = postSolution
		{1692EA60-82A8-4950-8C09-A202D98DD50D}.Debug|Any CPU.ActiveCfg = Debug|Any CPU
		{1692EA60-82A8-4950-8C09-A202D98DD50D}.Debug|Any CPU.Build.0 = Debug|Any CPU
		{1692EA60-82A8-4950-8C09-A202D98DD50D}.Release|Any CPU.ActiveCfg = Release|Any CPU
		{1692EA60-82A8-4950-8C09-A202D98DD50D}.Release|Any CPU.Build.0 = Release|Any CPU
	EndGlobalSection
	GlobalSection(SolutionProperties) = preSolution
		HideSolutionNode = FALSE
	EndGlobalSection
	GlobalSection(ExtensibilityGlobals) = postSolution
		SolutionGuid = {375C1B09-B6CD-4742-AD9E-F6F7661A49DA}
	EndGlobalSection
EndGlobal
